
Microsoft Visual Studio Solution File, Format Version 12.00
# Visual Studio Version 17
VisualStudioVersion = 17.5.002.0
MinimumVisualStudioVersion = 10.0.40219.1
Project("{9A19103F-16F7-4668-BE54-9A1E7A4F7556}") = "W03.2.2O06", "W03.2.2O06.csproj", "{58D2A0F8-EF63-4F56-97AD-9DC63DFEFCF5}"
EndProject
Global
	GlobalSection(SolutionConfigurationPlatforms) = preSolution
		Debug|Any CPU = Debug|Any CPU
		Release|Any CPU = Release|Any CPU
	EndGlobalSection
	GlobalSection(ProjectConfigurationPlatforms) = postSolution
		{58D2A0F8-EF63-4F56-97AD-9DC63DFEFCF5}.Debug|Any CPU.ActiveCfg = Debug|Any CPU
		{58D2A0F8-EF63-4F56-97AD-9DC63DFEFCF5}.Debug|Any CPU.Build.0 = Debug|Any CPU
		{58D2A0F8-EF63-4F56-97AD-9DC63DFEFCF5}.Release|Any CPU.ActiveCfg = Release|Any CPU
		{58D2A0F8-EF63-4F56-97AD-9DC63DFEFCF5}.Release|Any CPU.Build.0 = Release|Any CPU
	EndGlobalSection
	GlobalSection(SolutionProperties) = preSolution
		HideSolutionNode = FALSE
	EndGlobalSection
	GlobalSection(ExtensibilityGlobals) = postSolution
		SolutionGuid = {F58F0B44-F196-42C3-B34E-724917574636}
	EndGlobalSection
EndGlobal
