
Microsoft Visual Studio Solution File, Format Version 12.00
# Visual Studio Version 17
VisualStudioVersion = 17.5.002.0
MinimumVisualStudioVersion = 10.0.40219.1
Project("{9A19103F-16F7-4668-BE54-9A1E7A4F7556}") = "W02.2.2O03", "W02.2.2O03.csproj", "{622E7769-1DA2-442C-B2FF-091108B49A59}"
EndProject
Global
	GlobalSection(SolutionConfigurationPlatforms) = preSolution
		Debug|Any CPU = Debug|Any CPU
		Release|Any CPU = Release|Any CPU
	EndGlobalSection
	GlobalSection(ProjectConfigurationPlatforms) = postSolution
		{622E7769-1DA2-442C-B2FF-091108B49A59}.Debug|Any CPU.ActiveCfg = Debug|Any CPU
		{622E7769-1DA2-442C-B2FF-091108B49A59}.Debug|Any CPU.Build.0 = Debug|Any CPU
		{622E7769-1DA2-442C-B2FF-091108B49A59}.Release|Any CPU.ActiveCfg = Release|Any CPU
		{622E7769-1DA2-442C-B2FF-091108B49A59}.Release|Any CPU.Build.0 = Release|Any CPU
	EndGlobalSection
	GlobalSection(SolutionProperties) = preSolution
		HideSolutionNode = FALSE
	EndGlobalSection
	GlobalSection(ExtensibilityGlobals) = postSolution
		SolutionGuid = {778508F9-5280-4ACA-8CD4-091B5A1D172A}
	EndGlobalSection
EndGlobal
