
Microsoft Visual Studio Solution File, Format Version 12.00
# Visual Studio Version 17
VisualStudioVersion = 17.5.002.0
MinimumVisualStudioVersion = 10.0.40219.1
Project("{9A19103F-16F7-4668-BE54-9A1E7A4F7556}") = "W001.1.1T01_Hello_World", "W001.1.1T01_Hello_World\W001.1.1T01_Hello_World.csproj", "{F527699F-C3DC-475E-8060-D7F5293DA1D4}"
EndProject
Project("{9A19103F-16F7-4668-BE54-9A1E7A4F7556}") = "W001.1.1T01_User_Name", "W001.1.1T01_User_Name\W001.1.1T01_User_Name.csproj", "{562D0149-AB57-419A-B35D-A68DA444C052}"
EndProject
Project("{9A19103F-16F7-4668-BE54-9A1E7A4F7556}") = "W001.1.1T02", "W001.1.1T02\W001.1.1T02.csproj", "{0E829447-1FCF-4469-AD2F-B0E955B4DD79}"
EndProject
Project("{9A19103F-16F7-4668-BE54-9A1E7A4F7556}") = "W001.1.1T03", "W001.1.1T03\W001.1.1T03.csproj", "{C5021B2C-7E25-4F53-B12E-86F7E3D57F6D}"
EndProject
Project("{9A19103F-16F7-4668-BE54-9A1E7A4F7556}") = "W001.1.1T04", "W001.1.1T04\W001.1.1T04.csproj", "{1FD61A64-6860-4B59-8584-2F71D8A7605A}"
EndProject
Project("{9A19103F-16F7-4668-BE54-9A1E7A4F7556}") = "W001.1.1T05", "W001.1.1T05\W001.1.1T05.csproj", "{8D3DCBD7-79D5-46A7-9B10-478F3203357D}"
EndProject
Project("{9A19103F-16F7-4668-BE54-9A1E7A4F7556}") = "W001.1.1T06", "W001.1.1T06\W001.1.1T06.csproj", "{4BEE58B3-2558-4668-A483-70CC1115E78D}"
EndProject
Project("{9A19103F-16F7-4668-BE54-9A1E7A4F7556}") = "W01.1.1T07", "W01.1.1T07\W01.1.1T07.csproj", "{83001655-5281-4F4E-88B6-13374E34D430}"
EndProject
Project("{9A19103F-16F7-4668-BE54-9A1E7A4F7556}") = "W01.1.1T08", "W01.1.1T08\W01.1.1T08.csproj", "{8F429D74-333B-4DB7-A403-7723CED71377}"
EndProject
Project("{9A19103F-16F7-4668-BE54-9A1E7A4F7556}") = "W01.1.1T09", "W01.1.1T09\W01.1.1T09.csproj", "{23FCE282-0943-47FE-ADE9-0259EA9D6EAB}"
EndProject
Project("{9A19103F-16F7-4668-BE54-9A1E7A4F7556}") = "W01.1.1T10", "W01.1.1T10\W01.1.1T10.csproj", "{A2B009B7-8019-4D7C-8B77-EFA9FA9BFD67}"
EndProject
Project("{9A19103F-16F7-4668-BE54-9A1E7A4F7556}") = "W01.1.2O01", "W01.1.2O01\W01.1.2O01.csproj", "{8A1707E7-50A5-41A2-B4C7-EA60339DDDDF}"
EndProject
Project("{9A19103F-16F7-4668-BE54-9A1E7A4F7556}") = "W01.1.2O02", "W01.1.2O02\W01.1.2O02.csproj", "{00B56075-37E9-416C-BA29-D5721D9B16CC}"
EndProject
Project("{9A19103F-16F7-4668-BE54-9A1E7A4F7556}") = "W01.1.2O03", "W01.1.2O03\W01.1.2O03.csproj", "{71CA92AC-C2AA-4D69-88FC-1D1432087157}"
EndProject
Project("{9A19103F-16F7-4668-BE54-9A1E7A4F7556}") = "W01.1.2O04", "W01.1.2O04\W01.1.2O04.csproj", "{C2097ECB-66CE-41FC-A425-5F003453F1C4}"
EndProject
Project("{9A19103F-16F7-4668-BE54-9A1E7A4F7556}") = "W01.1.2O05", "W01.1.2O05\W01.1.2O05.csproj", "{68208C6D-5F10-4323-BACE-579EC7FFF659}"
EndProject
Project("{9A19103F-16F7-4668-BE54-9A1E7A4F7556}") = "W01.1.2O06", "W01.1.2O06\W01.1.2O06.csproj", "{97DD67A2-497A-47AA-9737-638BFF64B5F2}"
EndProject
Project("{9A19103F-16F7-4668-BE54-9A1E7A4F7556}") = "W01.2.1T01", "W01.2.1T01\W01.2.1T01.csproj", "{9C22B30B-0145-4CB1-B912-397036FD65A8}"
EndProject
Project("{9A19103F-16F7-4668-BE54-9A1E7A4F7556}") = "W01.2.1T02", "W01.2.1T02\W01.2.1T02.csproj", "{B56E44A5-2FCD-4312-ADD8-9B8B5E140E26}"
EndProject
Project("{9A19103F-16F7-4668-BE54-9A1E7A4F7556}") = "W01.2.1T03", "W01.2.1T03\W01.2.1T03.csproj", "{4EBDE0D3-3AF5-40E6-A479-95F4B3168834}"
EndProject
Project("{9A19103F-16F7-4668-BE54-9A1E7A4F7556}") = "W01.2.1T04", "W01.2.1T04\W01.2.1T04.csproj", "{E1734EC0-372E-4A3E-A694-DE026235161C}"
EndProject
Project("{9A19103F-16F7-4668-BE54-9A1E7A4F7556}") = "W01.2.1T05", "W01.2.1T05\W01.2.1T05.csproj", "{70F16741-25B8-463F-A6F7-719DBBD18AA2}"
EndProject
Project("{9A19103F-16F7-4668-BE54-9A1E7A4F7556}") = "W01.2.1T06", "W01.2.1T06\W01.2.1T06.csproj", "{458A1E5E-8C10-4F9F-8097-4F5E14E08821}"
EndProject
Project("{9A19103F-16F7-4668-BE54-9A1E7A4F7556}") = "W01.2.1T07", "W01.2.1T07\W01.2.1T07.csproj", "{D804D898-D6CD-4519-AA07-EB9B4B90BBF1}"
EndProject
Global
	GlobalSection(SolutionConfigurationPlatforms) = preSolution
		Debug|Any CPU = Debug|Any CPU
		Release|Any CPU = Release|Any CPU
	EndGlobalSection
	GlobalSection(ProjectConfigurationPlatforms) = postSolution
		{F527699F-C3DC-475E-8060-D7F5293DA1D4}.Debug|Any CPU.ActiveCfg = Debug|Any CPU
		{F527699F-C3DC-475E-8060-D7F5293DA1D4}.Debug|Any CPU.Build.0 = Debug|Any CPU
		{F527699F-C3DC-475E-8060-D7F5293DA1D4}.Release|Any CPU.ActiveCfg = Release|Any CPU
		{F527699F-C3DC-475E-8060-D7F5293DA1D4}.Release|Any CPU.Build.0 = Release|Any CPU
	EndGlobalSection
	GlobalSection(SolutionProperties) = preSolution
		HideSolutionNode = FALSE
	EndGlobalSection
	GlobalSection(ExtensibilityGlobals) = postSolution
		SolutionGuid = {9991FB06-A2F5-434B-B254-7371773AE763}
	EndGlobalSection
EndGlobal
