
Microsoft Visual Studio Solution File, Format Version 12.00
# Visual Studio Version 17
VisualStudioVersion = 17.5.002.0
MinimumVisualStudioVersion = 10.0.40219.1
Project("{9A19103F-16F7-4668-BE54-9A1E7A4F7556}") = "W05.2.1T07", "W05.2.1T07.csproj", "{1BE21125-379D-4F46-90C1-4E93B081CAAB}"
EndProject
Global
	GlobalSection(SolutionConfigurationPlatforms) = preSolution
		Debug|Any CPU = Debug|Any CPU
		Release|Any CPU = Release|Any CPU
	EndGlobalSection
	GlobalSection(ProjectConfigurationPlatforms) = postSolution
		{1BE21125-379D-4F46-90C1-4E93B081CAAB}.Debug|Any CPU.ActiveCfg = Debug|Any CPU
		{1BE21125-379D-4F46-90C1-4E93B081CAAB}.Debug|Any CPU.Build.0 = Debug|Any CPU
		{1BE21125-379D-4F46-90C1-4E93B081CAAB}.Release|Any CPU.ActiveCfg = Release|Any CPU
		{1BE21125-379D-4F46-90C1-4E93B081CAAB}.Release|Any CPU.Build.0 = Release|Any CPU
	EndGlobalSection
	GlobalSection(SolutionProperties) = preSolution
		HideSolutionNode = FALSE
	EndGlobalSection
	GlobalSection(ExtensibilityGlobals) = postSolution
		SolutionGuid = {78F43339-B6C6-4C19-A72B-20D1EB935435}
	EndGlobalSection
EndGlobal
