
Microsoft Visual Studio Solution File, Format Version 12.00
# Visual Studio Version 17
VisualStudioVersion = 17.5.002.0
MinimumVisualStudioVersion = 10.0.40219.1
Project("{9A19103F-16F7-4668-BE54-9A1E7A4F7556}") = "W04.1.1T03", "W04.1.1T03.csproj", "{C40C7275-035F-4402-89A7-45A3F0BE7904}"
EndProject
Global
	GlobalSection(SolutionConfigurationPlatforms) = preSolution
		Debug|Any CPU = Debug|Any CPU
		Release|Any CPU = Release|Any CPU
	EndGlobalSection
	GlobalSection(ProjectConfigurationPlatforms) = postSolution
		{C40C7275-035F-4402-89A7-45A3F0BE7904}.Debug|Any CPU.ActiveCfg = Debug|Any CPU
		{C40C7275-035F-4402-89A7-45A3F0BE7904}.Debug|Any CPU.Build.0 = Debug|Any CPU
		{C40C7275-035F-4402-89A7-45A3F0BE7904}.Release|Any CPU.ActiveCfg = Release|Any CPU
		{C40C7275-035F-4402-89A7-45A3F0BE7904}.Release|Any CPU.Build.0 = Release|Any CPU
	EndGlobalSection
	GlobalSection(SolutionProperties) = preSolution
		HideSolutionNode = FALSE
	EndGlobalSection
	GlobalSection(ExtensibilityGlobals) = postSolution
		SolutionGuid = {5E234C26-E191-47D5-BC20-C8000EBA2DBB}
	EndGlobalSection
EndGlobal
