
Microsoft Visual Studio Solution File, Format Version 12.00
# Visual Studio Version 17
VisualStudioVersion = 17.5.002.0
MinimumVisualStudioVersion = 10.0.40219.1
Project("{9A19103F-16F7-4668-BE54-9A1E7A4F7556}") = "RollTheDice", "RollTheDice\RollTheDice.csproj", "{C05EEC0C-EA03-4166-B871-A4C289194867}"
EndProject
Project("{9A19103F-16F7-4668-BE54-9A1E7A4F7556}") = "RollTheDice.Tests", "RollTheDice.Tests\RollTheDice.Tests.csproj", "{C50AF2BE-53E6-4FCA-B4F1-2DA945FED04A}"
EndProject
Global
	GlobalSection(SolutionConfigurationPlatforms) = preSolution
		Debug|Any CPU = Debug|Any CPU
		Release|Any CPU = Release|Any CPU
	EndGlobalSection
	GlobalSection(ProjectConfigurationPlatforms) = postSolution
		{C05EEC0C-EA03-4166-B871-A4C289194867}.Debug|Any CPU.ActiveCfg = Debug|Any CPU
		{C05EEC0C-EA03-4166-B871-A4C289194867}.Debug|Any CPU.Build.0 = Debug|Any CPU
		{C05EEC0C-EA03-4166-B871-A4C289194867}.Release|Any CPU.ActiveCfg = Release|Any CPU
		{C05EEC0C-EA03-4166-B871-A4C289194867}.Release|Any CPU.Build.0 = Release|Any CPU
		{C50AF2BE-53E6-4FCA-B4F1-2DA945FED04A}.Debug|Any CPU.ActiveCfg = Debug|Any CPU
		{C50AF2BE-53E6-4FCA-B4F1-2DA945FED04A}.Debug|Any CPU.Build.0 = Debug|Any CPU
		{C50AF2BE-53E6-4FCA-B4F1-2DA945FED04A}.Release|Any CPU.ActiveCfg = Release|Any CPU
		{C50AF2BE-53E6-4FCA-B4F1-2DA945FED04A}.Release|Any CPU.Build.0 = Release|Any CPU
	EndGlobalSection
	GlobalSection(SolutionProperties) = preSolution
		HideSolutionNode = FALSE
	EndGlobalSection
	GlobalSection(ExtensibilityGlobals) = postSolution
		SolutionGuid = {15782C36-13FB-4DAD-8F6B-DE009021FA19}
	EndGlobalSection
EndGlobal
