
Microsoft Visual Studio Solution File, Format Version 12.00
# Visual Studio Version 17
VisualStudioVersion = 17.5.002.0
MinimumVisualStudioVersion = 10.0.40219.1
Project("{9A19103F-16F7-4668-BE54-9A1E7A4F7556}") = "W04.1.1T08", "W04.1.1T08.csproj", "{57834E51-A54C-45F1-9A6C-7CEDBE84890D}"
EndProject
Global
	GlobalSection(SolutionConfigurationPlatforms) = preSolution
		Debug|Any CPU = Debug|Any CPU
		Release|Any CPU = Release|Any CPU
	EndGlobalSection
	GlobalSection(ProjectConfigurationPlatforms) = postSolution
		{57834E51-A54C-45F1-9A6C-7CEDBE84890D}.Debug|Any CPU.ActiveCfg = Debug|Any CPU
		{57834E51-A54C-45F1-9A6C-7CEDBE84890D}.Debug|Any CPU.Build.0 = Debug|Any CPU
		{57834E51-A54C-45F1-9A6C-7CEDBE84890D}.Release|Any CPU.ActiveCfg = Release|Any CPU
		{57834E51-A54C-45F1-9A6C-7CEDBE84890D}.Release|Any CPU.Build.0 = Release|Any CPU
	EndGlobalSection
	GlobalSection(SolutionProperties) = preSolution
		HideSolutionNode = FALSE
	EndGlobalSection
	GlobalSection(ExtensibilityGlobals) = postSolution
		SolutionGuid = {098ACD23-E9D3-4E60-8954-31924E1970C8}
	EndGlobalSection
EndGlobal
