
Microsoft Visual Studio Solution File, Format Version 12.00
# Visual Studio Version 17
VisualStudioVersion = 17.5.002.0
MinimumVisualStudioVersion = 10.0.40219.1
Project("{9A19103F-16F7-4668-BE54-9A1E7A4F7556}") = "W03.1.1T01", "W03.1.1T01.csproj", "{9E0FEE6A-FE07-41C9-90E2-A13F865A13DF}"
EndProject
Global
	GlobalSection(SolutionConfigurationPlatforms) = preSolution
		Debug|Any CPU = Debug|Any CPU
		Release|Any CPU = Release|Any CPU
	EndGlobalSection
	GlobalSection(ProjectConfigurationPlatforms) = postSolution
		{9E0FEE6A-FE07-41C9-90E2-A13F865A13DF}.Debug|Any CPU.ActiveCfg = Debug|Any CPU
		{9E0FEE6A-FE07-41C9-90E2-A13F865A13DF}.Debug|Any CPU.Build.0 = Debug|Any CPU
		{9E0FEE6A-FE07-41C9-90E2-A13F865A13DF}.Release|Any CPU.ActiveCfg = Release|Any CPU
		{9E0FEE6A-FE07-41C9-90E2-A13F865A13DF}.Release|Any CPU.Build.0 = Release|Any CPU
	EndGlobalSection
	GlobalSection(SolutionProperties) = preSolution
		HideSolutionNode = FALSE
	EndGlobalSection
	GlobalSection(ExtensibilityGlobals) = postSolution
		SolutionGuid = {CD17BCAB-7C0D-451E-A55F-E859F79AC954}
	EndGlobalSection
EndGlobal
