
Microsoft Visual Studio Solution File, Format Version 12.00
# Visual Studio Version 17
VisualStudioVersion = 17.5.002.0
MinimumVisualStudioVersion = 10.0.40219.1
Project("{9A19103F-16F7-4668-BE54-9A1E7A4F7556}") = "W03.1.1T10", "W03.1.1T10.csproj", "{ECFF2F7C-3F54-498D-9720-82EE1D06F570}"
EndProject
Global
	GlobalSection(SolutionConfigurationPlatforms) = preSolution
		Debug|Any CPU = Debug|Any CPU
		Release|Any CPU = Release|Any CPU
	EndGlobalSection
	GlobalSection(ProjectConfigurationPlatforms) = postSolution
		{ECFF2F7C-3F54-498D-9720-82EE1D06F570}.Debug|Any CPU.ActiveCfg = Debug|Any CPU
		{ECFF2F7C-3F54-498D-9720-82EE1D06F570}.Debug|Any CPU.Build.0 = Debug|Any CPU
		{ECFF2F7C-3F54-498D-9720-82EE1D06F570}.Release|Any CPU.ActiveCfg = Release|Any CPU
		{ECFF2F7C-3F54-498D-9720-82EE1D06F570}.Release|Any CPU.Build.0 = Release|Any CPU
	EndGlobalSection
	GlobalSection(SolutionProperties) = preSolution
		HideSolutionNode = FALSE
	EndGlobalSection
	GlobalSection(ExtensibilityGlobals) = postSolution
		SolutionGuid = {1BFD8C8E-6A05-4F67-AF5C-9EE282D098E1}
	EndGlobalSection
EndGlobal
