
Microsoft Visual Studio Solution File, Format Version 12.00
# Visual Studio Version 17
VisualStudioVersion = 17.5.002.0
MinimumVisualStudioVersion = 10.0.40219.1
Project("{9A19103F-16F7-4668-BE54-9A1E7A4F7556}") = "W06.1.2O04", "W06.1.2O04.csproj", "{822DF5DA-A22E-42F0-854F-C441B258ABA6}"
EndProject
Global
	GlobalSection(SolutionConfigurationPlatforms) = preSolution
		Debug|Any CPU = Debug|Any CPU
		Release|Any CPU = Release|Any CPU
	EndGlobalSection
	GlobalSection(ProjectConfigurationPlatforms) = postSolution
		{822DF5DA-A22E-42F0-854F-C441B258ABA6}.Debug|Any CPU.ActiveCfg = Debug|Any CPU
		{822DF5DA-A22E-42F0-854F-C441B258ABA6}.Debug|Any CPU.Build.0 = Debug|Any CPU
		{822DF5DA-A22E-42F0-854F-C441B258ABA6}.Release|Any CPU.ActiveCfg = Release|Any CPU
		{822DF5DA-A22E-42F0-854F-C441B258ABA6}.Release|Any CPU.Build.0 = Release|Any CPU
	EndGlobalSection
	GlobalSection(SolutionProperties) = preSolution
		HideSolutionNode = FALSE
	EndGlobalSection
	GlobalSection(ExtensibilityGlobals) = postSolution
		SolutionGuid = {AC289876-032A-45FD-A8FD-1A839626FB64}
	EndGlobalSection
EndGlobal
