
Microsoft Visual Studio Solution File, Format Version 12.00
# Visual Studio Version 17
VisualStudioVersion = 17.5.002.0
MinimumVisualStudioVersion = 10.0.40219.1
Project("{9A19103F-16F7-4668-BE54-9A1E7A4F7556}") = "W06.1.1T01", "W06.1.1T01.csproj", "{9DED9021-318B-4298-B22D-0279ABC0E31A}"
EndProject
Global
	GlobalSection(SolutionConfigurationPlatforms) = preSolution
		Debug|Any CPU = Debug|Any CPU
		Release|Any CPU = Release|Any CPU
	EndGlobalSection
	GlobalSection(ProjectConfigurationPlatforms) = postSolution
		{9DED9021-318B-4298-B22D-0279ABC0E31A}.Debug|Any CPU.ActiveCfg = Debug|Any CPU
		{9DED9021-318B-4298-B22D-0279ABC0E31A}.Debug|Any CPU.Build.0 = Debug|Any CPU
		{9DED9021-318B-4298-B22D-0279ABC0E31A}.Release|Any CPU.ActiveCfg = Release|Any CPU
		{9DED9021-318B-4298-B22D-0279ABC0E31A}.Release|Any CPU.Build.0 = Release|Any CPU
	EndGlobalSection
	GlobalSection(SolutionProperties) = preSolution
		HideSolutionNode = FALSE
	EndGlobalSection
	GlobalSection(ExtensibilityGlobals) = postSolution
		SolutionGuid = {F9510BAF-36FE-4EE9-AE1A-3FF1B3320649}
	EndGlobalSection
EndGlobal
