
Microsoft Visual Studio Solution File, Format Version 12.00
# Visual Studio Version 17
VisualStudioVersion = 17.5.002.0
MinimumVisualStudioVersion = 10.0.40219.1
Project("{9A19103F-16F7-4668-BE54-9A1E7A4F7556}") = "W06.2.1T01", "W06.2.1T01.csproj", "{F9ABBF7D-0FAB-4FC4-855B-166E842DB21E}"
EndProject
Global
	GlobalSection(SolutionConfigurationPlatforms) = preSolution
		Debug|Any CPU = Debug|Any CPU
		Release|Any CPU = Release|Any CPU
	EndGlobalSection
	GlobalSection(ProjectConfigurationPlatforms) = postSolution
		{F9ABBF7D-0FAB-4FC4-855B-166E842DB21E}.Debug|Any CPU.ActiveCfg = Debug|Any CPU
		{F9ABBF7D-0FAB-4FC4-855B-166E842DB21E}.Debug|Any CPU.Build.0 = Debug|Any CPU
		{F9ABBF7D-0FAB-4FC4-855B-166E842DB21E}.Release|Any CPU.ActiveCfg = Release|Any CPU
		{F9ABBF7D-0FAB-4FC4-855B-166E842DB21E}.Release|Any CPU.Build.0 = Release|Any CPU
	EndGlobalSection
	GlobalSection(SolutionProperties) = preSolution
		HideSolutionNode = FALSE
	EndGlobalSection
	GlobalSection(ExtensibilityGlobals) = postSolution
		SolutionGuid = {5EDA7406-460D-47B6-94CE-EDE5254469A7}
	EndGlobalSection
EndGlobal
