
Microsoft Visual Studio Solution File, Format Version 12.00
# Visual Studio Version 17
VisualStudioVersion = 17.5.002.0
MinimumVisualStudioVersion = 10.0.40219.1
Project("{9A19103F-16F7-4668-BE54-9A1E7A4F7556}") = "W05.1.1T03", "W05.1.1T03.csproj", "{03CC96E5-098D-4D57-BBD8-78EE48FF4195}"
EndProject
Global
	GlobalSection(SolutionConfigurationPlatforms) = preSolution
		Debug|Any CPU = Debug|Any CPU
		Release|Any CPU = Release|Any CPU
	EndGlobalSection
	GlobalSection(ProjectConfigurationPlatforms) = postSolution
		{03CC96E5-098D-4D57-BBD8-78EE48FF4195}.Debug|Any CPU.ActiveCfg = Debug|Any CPU
		{03CC96E5-098D-4D57-BBD8-78EE48FF4195}.Debug|Any CPU.Build.0 = Debug|Any CPU
		{03CC96E5-098D-4D57-BBD8-78EE48FF4195}.Release|Any CPU.ActiveCfg = Release|Any CPU
		{03CC96E5-098D-4D57-BBD8-78EE48FF4195}.Release|Any CPU.Build.0 = Release|Any CPU
	EndGlobalSection
	GlobalSection(SolutionProperties) = preSolution
		HideSolutionNode = FALSE
	EndGlobalSection
	GlobalSection(ExtensibilityGlobals) = postSolution
		SolutionGuid = {F5681AB4-B7F6-4C31-8D12-BC0D7F67453E}
	EndGlobalSection
EndGlobal
