
Microsoft Visual Studio Solution File, Format Version 12.00
# Visual Studio Version 17
VisualStudioVersion = 17.5.002.0
MinimumVisualStudioVersion = 10.0.40219.1
Project("{9A19103F-16F7-4668-BE54-9A1E7A4F7556}") = "W03.2.2O01", "W03.2.2O01.csproj", "{AEBBDDF5-532C-4577-A53A-E883079EA749}"
EndProject
Global
	GlobalSection(SolutionConfigurationPlatforms) = preSolution
		Debug|Any CPU = Debug|Any CPU
		Release|Any CPU = Release|Any CPU
	EndGlobalSection
	GlobalSection(ProjectConfigurationPlatforms) = postSolution
		{AEBBDDF5-532C-4577-A53A-E883079EA749}.Debug|Any CPU.ActiveCfg = Debug|Any CPU
		{AEBBDDF5-532C-4577-A53A-E883079EA749}.Debug|Any CPU.Build.0 = Debug|Any CPU
		{AEBBDDF5-532C-4577-A53A-E883079EA749}.Release|Any CPU.ActiveCfg = Release|Any CPU
		{AEBBDDF5-532C-4577-A53A-E883079EA749}.Release|Any CPU.Build.0 = Release|Any CPU
	EndGlobalSection
	GlobalSection(SolutionProperties) = preSolution
		HideSolutionNode = FALSE
	EndGlobalSection
	GlobalSection(ExtensibilityGlobals) = postSolution
		SolutionGuid = {A5A62DE6-0A67-469E-A1EA-8E790B7545FA}
	EndGlobalSection
EndGlobal
