
Microsoft Visual Studio Solution File, Format Version 12.00
# Visual Studio Version 17
VisualStudioVersion = 17.5.002.0
MinimumVisualStudioVersion = 10.0.40219.1
Project("{9A19103F-16F7-4668-BE54-9A1E7A4F7556}") = "W05.1.1T08", "W05.1.1T08.csproj", "{213314A3-4C58-4A18-A4F3-F9FA69394E31}"
EndProject
Global
	GlobalSection(SolutionConfigurationPlatforms) = preSolution
		Debug|Any CPU = Debug|Any CPU
		Release|Any CPU = Release|Any CPU
	EndGlobalSection
	GlobalSection(ProjectConfigurationPlatforms) = postSolution
		{213314A3-4C58-4A18-A4F3-F9FA69394E31}.Debug|Any CPU.ActiveCfg = Debug|Any CPU
		{213314A3-4C58-4A18-A4F3-F9FA69394E31}.Debug|Any CPU.Build.0 = Debug|Any CPU
		{213314A3-4C58-4A18-A4F3-F9FA69394E31}.Release|Any CPU.ActiveCfg = Release|Any CPU
		{213314A3-4C58-4A18-A4F3-F9FA69394E31}.Release|Any CPU.Build.0 = Release|Any CPU
	EndGlobalSection
	GlobalSection(SolutionProperties) = preSolution
		HideSolutionNode = FALSE
	EndGlobalSection
	GlobalSection(ExtensibilityGlobals) = postSolution
		SolutionGuid = {C30E7996-8E11-4CD2-8F63-63EE41C12FDD}
	EndGlobalSection
EndGlobal
