
Microsoft Visual Studio Solution File, Format Version 12.00
# Visual Studio Version 17
VisualStudioVersion = 17.5.002.0
MinimumVisualStudioVersion = 10.0.40219.1
Project("{9A19103F-16F7-4668-BE54-9A1E7A4F7556}") = "W03.1.1T09", "W03.1.1T09.csproj", "{B9DBB44E-9B19-4A7C-A3E2-F0379B02192D}"
EndProject
Global
	GlobalSection(SolutionConfigurationPlatforms) = preSolution
		Debug|Any CPU = Debug|Any CPU
		Release|Any CPU = Release|Any CPU
	EndGlobalSection
	GlobalSection(ProjectConfigurationPlatforms) = postSolution
		{B9DBB44E-9B19-4A7C-A3E2-F0379B02192D}.Debug|Any CPU.ActiveCfg = Debug|Any CPU
		{B9DBB44E-9B19-4A7C-A3E2-F0379B02192D}.Debug|Any CPU.Build.0 = Debug|Any CPU
		{B9DBB44E-9B19-4A7C-A3E2-F0379B02192D}.Release|Any CPU.ActiveCfg = Release|Any CPU
		{B9DBB44E-9B19-4A7C-A3E2-F0379B02192D}.Release|Any CPU.Build.0 = Release|Any CPU
	EndGlobalSection
	GlobalSection(SolutionProperties) = preSolution
		HideSolutionNode = FALSE
	EndGlobalSection
	GlobalSection(ExtensibilityGlobals) = postSolution
		SolutionGuid = {22B247C6-610E-48EF-A61C-34EF16C3754F}
	EndGlobalSection
EndGlobal
