
Microsoft Visual Studio Solution File, Format Version 12.00
# Visual Studio Version 17
VisualStudioVersion = 17.5.002.0
MinimumVisualStudioVersion = 10.0.40219.1
Project("{9A19103F-16F7-4668-BE54-9A1E7A4F7556}") = "W02.1.1T04", "W02.1.1T04.csproj", "{D29CD3F6-3157-4906-AA03-8EA5DCF7198A}"
EndProject
Global
	GlobalSection(SolutionConfigurationPlatforms) = preSolution
		Debug|Any CPU = Debug|Any CPU
		Release|Any CPU = Release|Any CPU
	EndGlobalSection
	GlobalSection(ProjectConfigurationPlatforms) = postSolution
		{D29CD3F6-3157-4906-AA03-8EA5DCF7198A}.Debug|Any CPU.ActiveCfg = Debug|Any CPU
		{D29CD3F6-3157-4906-AA03-8EA5DCF7198A}.Debug|Any CPU.Build.0 = Debug|Any CPU
		{D29CD3F6-3157-4906-AA03-8EA5DCF7198A}.Release|Any CPU.ActiveCfg = Release|Any CPU
		{D29CD3F6-3157-4906-AA03-8EA5DCF7198A}.Release|Any CPU.Build.0 = Release|Any CPU
	EndGlobalSection
	GlobalSection(SolutionProperties) = preSolution
		HideSolutionNode = FALSE
	EndGlobalSection
	GlobalSection(ExtensibilityGlobals) = postSolution
		SolutionGuid = {D73290F9-1DEF-4269-9B4E-78B8A2755049}
	EndGlobalSection
EndGlobal
