
Microsoft Visual Studio Solution File, Format Version 12.00
# Visual Studio Version 17
VisualStudioVersion = 17.5.002.0
MinimumVisualStudioVersion = 10.0.40219.1
Project("{9A19103F-16F7-4668-BE54-9A1E7A4F7556}") = "W06.1.2O01", "W06.1.2O01.csproj", "{310B21BE-58F3-45D6-8809-70ED00BB6144}"
EndProject
Global
	GlobalSection(SolutionConfigurationPlatforms) = preSolution
		Debug|Any CPU = Debug|Any CPU
		Release|Any CPU = Release|Any CPU
	EndGlobalSection
	GlobalSection(ProjectConfigurationPlatforms) = postSolution
		{310B21BE-58F3-45D6-8809-70ED00BB6144}.Debug|Any CPU.ActiveCfg = Debug|Any CPU
		{310B21BE-58F3-45D6-8809-70ED00BB6144}.Debug|Any CPU.Build.0 = Debug|Any CPU
		{310B21BE-58F3-45D6-8809-70ED00BB6144}.Release|Any CPU.ActiveCfg = Release|Any CPU
		{310B21BE-58F3-45D6-8809-70ED00BB6144}.Release|Any CPU.Build.0 = Release|Any CPU
	EndGlobalSection
	GlobalSection(SolutionProperties) = preSolution
		HideSolutionNode = FALSE
	EndGlobalSection
	GlobalSection(ExtensibilityGlobals) = postSolution
		SolutionGuid = {E1BEBF1D-EE46-4EBF-AF7E-F64060A061C7}
	EndGlobalSection
EndGlobal
